// !$*UTF8*$!
{
	archiveVersion = 1;
	classes = {
	};
	objectVersion = 46;
	objects = {

/* Begin PBXBuildFile section */
		75A01DBDCB8501F4F33B0B6F /* Pods_Moves.framework in Frameworks */ = {isa = PBXBuildFile; fileRef = AA1FC8634C760F8C4B37DD99 /* Pods_Moves.framework */; };
		9414BBA21FB602BE004A7F1D /* MovesListTableViewController.swift in Sources */ = {isa = PBXBuildFile; fileRef = 9414BBA11FB602BE004A7F1D /* MovesListTableViewController.swift */; };
		9414BBA51FB6032A004A7F1D /* ModalConfiguration.swift in Sources */ = {isa = PBXBuildFile; fileRef = 9414BBA41FB6032A004A7F1D /* ModalConfiguration.swift */; };
		9414BBA71FB603C4004A7F1D /* Alignments.swift in Sources */ = {isa = PBXBuildFile; fileRef = 9414BBA61FB603C4004A7F1D /* Alignments.swift */; };
		9414BBA91FB603F6004A7F1D /* Direction.swift in Sources */ = {isa = PBXBuildFile; fileRef = 9414BBA81FB603F6004A7F1D /* Direction.swift */; };
		9414BBAC1FB60440004A7F1D /* TransformAnimator.swift in Sources */ = {isa = PBXBuildFile; fileRef = 9414BBAB1FB60440004A7F1D /* TransformAnimator.swift */; };
		9435F42B1F61177A0084D657 /* AppDelegate.swift in Sources */ = {isa = PBXBuildFile; fileRef = 9435F42A1F61177A0084D657 /* AppDelegate.swift */; };
		9435F4301F61177A0084D657 /* Main.storyboard in Resources */ = {isa = PBXBuildFile; fileRef = 9435F42E1F61177A0084D657 /* Main.storyboard */; };
		9435F4321F61177A0084D657 /* Assets.xcassets in Resources */ = {isa = PBXBuildFile; fileRef = 9435F4311F61177A0084D657 /* Assets.xcassets */; };
		9435F4351F61177A0084D657 /* LaunchScreen.storyboard in Resources */ = {isa = PBXBuildFile; fileRef = 9435F4331F61177A0084D657 /* LaunchScreen.storyboard */; };
		9435F4401F61177A0084D657 /* VCMovesTests.swift in Sources */ = {isa = PBXBuildFile; fileRef = 9435F43F1F61177A0084D657 /* VCMovesTests.swift */; };
		9435F4661F6117910084D657 /* Moves.framework in Frameworks */ = {isa = PBXBuildFile; fileRef = 9435F45D1F6117910084D657 /* Moves.framework */; };
		9435F46D1F6117910084D657 /* MovesTests.swift in Sources */ = {isa = PBXBuildFile; fileRef = 9435F46C1F6117910084D657 /* MovesTests.swift */; };
		9435F46F1F6117910084D657 /* Moves.h in Headers */ = {isa = PBXBuildFile; fileRef = 9435F45F1F6117910084D657 /* Moves.h */; settings = {ATTRIBUTES = (Public, ); }; };
		9435F4721F6117910084D657 /* Moves.framework in Frameworks */ = {isa = PBXBuildFile; fileRef = 9435F45D1F6117910084D657 /* Moves.framework */; };
		9435F4731F6117910084D657 /* Moves.framework in Embed Frameworks */ = {isa = PBXBuildFile; fileRef = 9435F45D1F6117910084D657 /* Moves.framework */; settings = {ATTRIBUTES = (CodeSignOnCopy, RemoveHeadersOnCopy, ); }; };
		9435F47C1F6117E90084D657 /* MovesCoordinator.swift in Sources */ = {isa = PBXBuildFile; fileRef = 9435F47B1F6117E90084D657 /* MovesCoordinator.swift */; };
		9435F4801F6118570084D657 /* SlideOutOverContextAnimator.swift in Sources */ = {isa = PBXBuildFile; fileRef = 9435F47F1F6118570084D657 /* SlideOutOverContextAnimator.swift */; };
		9435F4821F6118810084D657 /* SlideInOverContextAnimator.swift in Sources */ = {isa = PBXBuildFile; fileRef = 9435F4811F6118810084D657 /* SlideInOverContextAnimator.swift */; };
		9435F4871F63A4B60084D657 /* Animator.swift in Sources */ = {isa = PBXBuildFile; fileRef = 9435F4861F63A4B60084D657 /* Animator.swift */; };
		948510B81FAEF04D008AF766 /* MovesConfiguration.swift in Sources */ = {isa = PBXBuildFile; fileRef = 948510B71FAEF04D008AF766 /* MovesConfiguration.swift */; };
		948510BA1FAEF0A8008AF766 /* PannableMoveOptions.swift in Sources */ = {isa = PBXBuildFile; fileRef = 948510B91FAEF0A8008AF766 /* PannableMoveOptions.swift */; };
		94C8784A1FB2E632000EDB88 /* AppDelegate.swift in Sources */ = {isa = PBXBuildFile; fileRef = 94C878491FB2E632000EDB88 /* AppDelegate.swift */; };
		94C8784F1FB2E632000EDB88 /* Main.storyboard in Resources */ = {isa = PBXBuildFile; fileRef = 94C8784D1FB2E632000EDB88 /* Main.storyboard */; };
		94C878511FB2E632000EDB88 /* Assets.xcassets in Resources */ = {isa = PBXBuildFile; fileRef = 94C878501FB2E632000EDB88 /* Assets.xcassets */; };
		94C878541FB2E632000EDB88 /* LaunchScreen.storyboard in Resources */ = {isa = PBXBuildFile; fileRef = 94C878521FB2E632000EDB88 /* LaunchScreen.storyboard */; };
		94C8785F1FB2E633000EDB88 /* Moves_TutorialTests.swift in Sources */ = {isa = PBXBuildFile; fileRef = 94C8785E1FB2E633000EDB88 /* Moves_TutorialTests.swift */; };
		94C8786A1FB2E633000EDB88 /* Moves_TutorialUITests.swift in Sources */ = {isa = PBXBuildFile; fileRef = 94C878691FB2E633000EDB88 /* Moves_TutorialUITests.swift */; };
		94C878761FB2E651000EDB88 /* MasterViewController.swift in Sources */ = {isa = PBXBuildFile; fileRef = 94C878411FB0A0ED000EDB88 /* MasterViewController.swift */; };
		94C878771FB2E673000EDB88 /* SlideUpWithContextViewController.swift in Sources */ = {isa = PBXBuildFile; fileRef = 94E62CC01F6584A300F4C3BB /* SlideUpWithContextViewController.swift */; };
		94C878791FB40351000EDB88 /* SlideUpWithContextModalViewController.swift in Sources */ = {isa = PBXBuildFile; fileRef = 9435F4831F61DE230084D657 /* SlideUpWithContextModalViewController.swift */; };
		94FD18BF1FB6083700D95D38 /* FadeInOverContextAnimator.swift in Sources */ = {isa = PBXBuildFile; fileRef = 94FD18BE1FB6083700D95D38 /* FadeInOverContextAnimator.swift */; };
		94FD18C11FB6083E00D95D38 /* FadeOutOverContextAnimator.swift in Sources */ = {isa = PBXBuildFile; fileRef = 94FD18C01FB6083E00D95D38 /* FadeOutOverContextAnimator.swift */; };
		F19715FA3519AE78F79E25AD /* Pods_VCMoves.framework in Frameworks */ = {isa = PBXBuildFile; fileRef = 80043B10847F7F529C74EA5D /* Pods_VCMoves.framework */; };
/* End PBXBuildFile section */

/* Begin PBXContainerItemProxy section */
		9435F43C1F61177A0084D657 /* PBXContainerItemProxy */ = {
			isa = PBXContainerItemProxy;
			containerPortal = 9435F41F1F61177A0084D657 /* Project object */;
			proxyType = 1;
			remoteGlobalIDString = 9435F4261F61177A0084D657;
			remoteInfo = VCMoves;
		};
		9435F4471F61177A0084D657 /* PBXContainerItemProxy */ = {
			isa = PBXContainerItemProxy;
			containerPortal = 9435F41F1F61177A0084D657 /* Project object */;
			proxyType = 1;
			remoteGlobalIDString = 9435F4261F61177A0084D657;
			remoteInfo = VCMoves;
		};
		9435F4671F6117910084D657 /* PBXContainerItemProxy */ = {
			isa = PBXContainerItemProxy;
			containerPortal = 9435F41F1F61177A0084D657 /* Project object */;
			proxyType = 1;
			remoteGlobalIDString = 9435F45C1F6117910084D657;
			remoteInfo = Moves;
		};
		9435F4691F6117910084D657 /* PBXContainerItemProxy */ = {
			isa = PBXContainerItemProxy;
			containerPortal = 9435F41F1F61177A0084D657 /* Project object */;
			proxyType = 1;
			remoteGlobalIDString = 9435F4261F61177A0084D657;
			remoteInfo = VCMoves;
		};
		9435F4701F6117910084D657 /* PBXContainerItemProxy */ = {
			isa = PBXContainerItemProxy;
			containerPortal = 9435F41F1F61177A0084D657 /* Project object */;
			proxyType = 1;
			remoteGlobalIDString = 9435F45C1F6117910084D657;
			remoteInfo = Moves;
		};
		94C8785B1FB2E633000EDB88 /* PBXContainerItemProxy */ = {
			isa = PBXContainerItemProxy;
			containerPortal = 9435F41F1F61177A0084D657 /* Project object */;
			proxyType = 1;
			remoteGlobalIDString = 94C878461FB2E632000EDB88;
			remoteInfo = "Moves-Tutorial";
		};
		94C878661FB2E633000EDB88 /* PBXContainerItemProxy */ = {
			isa = PBXContainerItemProxy;
			containerPortal = 9435F41F1F61177A0084D657 /* Project object */;
			proxyType = 1;
			remoteGlobalIDString = 94C878461FB2E632000EDB88;
			remoteInfo = "Moves-Tutorial";
		};
/* End PBXContainerItemProxy section */

/* Begin PBXCopyFilesBuildPhase section */
		9435F4771F6117910084D657 /* Embed Frameworks */ = {
			isa = PBXCopyFilesBuildPhase;
			buildActionMask = 2147483647;
			dstPath = "";
			dstSubfolderSpec = 10;
			files = (
				9435F4731F6117910084D657 /* Moves.framework in Embed Frameworks */,
			);
			name = "Embed Frameworks";
			runOnlyForDeploymentPostprocessing = 0;
		};
/* End PBXCopyFilesBuildPhase section */

/* Begin PBXFileReference section */
		235B322A5BB6C787A98D382C /* Pods_VCMovesUITests.framework */ = {isa = PBXFileReference; explicitFileType = wrapper.framework; includeInIndex = 0; path = Pods_VCMovesUITests.framework; sourceTree = BUILT_PRODUCTS_DIR; };
		789E538E03A7277AF28449D9 /* Pods-Moves.release.xcconfig */ = {isa = PBXFileReference; includeInIndex = 1; lastKnownFileType = text.xcconfig; name = "Pods-Moves.release.xcconfig"; path = "Pods/Target Support Files/Pods-Moves/Pods-Moves.release.xcconfig"; sourceTree = "<group>"; };
		80043B10847F7F529C74EA5D /* Pods_VCMoves.framework */ = {isa = PBXFileReference; explicitFileType = wrapper.framework; includeInIndex = 0; path = Pods_VCMoves.framework; sourceTree = BUILT_PRODUCTS_DIR; };
		83B015662C7EF45ED32CE72F /* Pods-VCMoves.debug.xcconfig */ = {isa = PBXFileReference; includeInIndex = 1; lastKnownFileType = text.xcconfig; name = "Pods-VCMoves.debug.xcconfig"; path = "Pods/Target Support Files/Pods-VCMoves/Pods-VCMoves.debug.xcconfig"; sourceTree = "<group>"; };
		9414BBA11FB602BE004A7F1D /* MovesListTableViewController.swift */ = {isa = PBXFileReference; lastKnownFileType = sourcecode.swift; path = MovesListTableViewController.swift; sourceTree = "<group>"; };
		9414BBA41FB6032A004A7F1D /* ModalConfiguration.swift */ = {isa = PBXFileReference; lastKnownFileType = sourcecode.swift; path = ModalConfiguration.swift; sourceTree = "<group>"; };
		9414BBA61FB603C4004A7F1D /* Alignments.swift */ = {isa = PBXFileReference; lastKnownFileType = sourcecode.swift; path = Alignments.swift; sourceTree = "<group>"; };
		9414BBA81FB603F6004A7F1D /* Direction.swift */ = {isa = PBXFileReference; lastKnownFileType = sourcecode.swift; path = Direction.swift; sourceTree = "<group>"; };
		9414BBAB1FB60440004A7F1D /* TransformAnimator.swift */ = {isa = PBXFileReference; lastKnownFileType = sourcecode.swift; path = TransformAnimator.swift; sourceTree = "<group>"; };
		9435F4271F61177A0084D657 /* VCMoves.app */ = {isa = PBXFileReference; explicitFileType = wrapper.application; includeInIndex = 0; path = VCMoves.app; sourceTree = BUILT_PRODUCTS_DIR; };
		9435F42A1F61177A0084D657 /* AppDelegate.swift */ = {isa = PBXFileReference; lastKnownFileType = sourcecode.swift; path = AppDelegate.swift; sourceTree = "<group>"; };
		9435F42F1F61177A0084D657 /* Base */ = {isa = PBXFileReference; lastKnownFileType = file.storyboard; name = Base; path = Base.lproj/Main.storyboard; sourceTree = "<group>"; };
		9435F4311F61177A0084D657 /* Assets.xcassets */ = {isa = PBXFileReference; lastKnownFileType = folder.assetcatalog; path = Assets.xcassets; sourceTree = "<group>"; };
		9435F4341F61177A0084D657 /* Base */ = {isa = PBXFileReference; lastKnownFileType = file.storyboard; name = Base; path = Base.lproj/LaunchScreen.storyboard; sourceTree = "<group>"; };
		9435F4361F61177A0084D657 /* Info.plist */ = {isa = PBXFileReference; lastKnownFileType = text.plist.xml; path = Info.plist; sourceTree = "<group>"; };
		9435F43B1F61177A0084D657 /* VCMovesTests.xctest */ = {isa = PBXFileReference; explicitFileType = wrapper.cfbundle; includeInIndex = 0; path = VCMovesTests.xctest; sourceTree = BUILT_PRODUCTS_DIR; };
		9435F43F1F61177A0084D657 /* VCMovesTests.swift */ = {isa = PBXFileReference; lastKnownFileType = sourcecode.swift; path = VCMovesTests.swift; sourceTree = "<group>"; };
		9435F4411F61177A0084D657 /* Info.plist */ = {isa = PBXFileReference; lastKnownFileType = text.plist.xml; path = Info.plist; sourceTree = "<group>"; };
		9435F4461F61177A0084D657 /* VCMovesUITests.xctest */ = {isa = PBXFileReference; explicitFileType = wrapper.cfbundle; includeInIndex = 0; path = VCMovesUITests.xctest; sourceTree = BUILT_PRODUCTS_DIR; };
		9435F45D1F6117910084D657 /* Moves.framework */ = {isa = PBXFileReference; explicitFileType = wrapper.framework; includeInIndex = 0; path = Moves.framework; sourceTree = BUILT_PRODUCTS_DIR; };
		9435F45F1F6117910084D657 /* Moves.h */ = {isa = PBXFileReference; lastKnownFileType = sourcecode.c.h; path = Moves.h; sourceTree = "<group>"; };
		9435F4601F6117910084D657 /* Info.plist */ = {isa = PBXFileReference; lastKnownFileType = text.plist.xml; path = Info.plist; sourceTree = "<group>"; };
		9435F4651F6117910084D657 /* MovesTests.xctest */ = {isa = PBXFileReference; explicitFileType = wrapper.cfbundle; includeInIndex = 0; path = MovesTests.xctest; sourceTree = BUILT_PRODUCTS_DIR; };
		9435F46C1F6117910084D657 /* MovesTests.swift */ = {isa = PBXFileReference; lastKnownFileType = sourcecode.swift; path = MovesTests.swift; sourceTree = "<group>"; };
		9435F46E1F6117910084D657 /* Info.plist */ = {isa = PBXFileReference; lastKnownFileType = text.plist.xml; path = Info.plist; sourceTree = "<group>"; };
		9435F47B1F6117E90084D657 /* MovesCoordinator.swift */ = {isa = PBXFileReference; fileEncoding = 4; lastKnownFileType = sourcecode.swift; path = MovesCoordinator.swift; sourceTree = "<group>"; };
		9435F47F1F6118570084D657 /* SlideOutOverContextAnimator.swift */ = {isa = PBXFileReference; fileEncoding = 4; lastKnownFileType = sourcecode.swift; path = SlideOutOverContextAnimator.swift; sourceTree = "<group>"; };
		9435F4811F6118810084D657 /* SlideInOverContextAnimator.swift */ = {isa = PBXFileReference; fileEncoding = 4; lastKnownFileType = sourcecode.swift; path = SlideInOverContextAnimator.swift; sourceTree = "<group>"; };
		9435F4831F61DE230084D657 /* SlideUpWithContextModalViewController.swift */ = {isa = PBXFileReference; fileEncoding = 4; lastKnownFileType = sourcecode.swift; path = SlideUpWithContextModalViewController.swift; sourceTree = "<group>"; };
		9435F4861F63A4B60084D657 /* Animator.swift */ = {isa = PBXFileReference; fileEncoding = 4; lastKnownFileType = sourcecode.swift; path = Animator.swift; sourceTree = "<group>"; };
		948510B71FAEF04D008AF766 /* MovesConfiguration.swift */ = {isa = PBXFileReference; lastKnownFileType = sourcecode.swift; path = MovesConfiguration.swift; sourceTree = "<group>"; };
		948510B91FAEF0A8008AF766 /* PannableMoveOptions.swift */ = {isa = PBXFileReference; lastKnownFileType = sourcecode.swift; path = PannableMoveOptions.swift; sourceTree = "<group>"; };
		94C878411FB0A0ED000EDB88 /* MasterViewController.swift */ = {isa = PBXFileReference; lastKnownFileType = sourcecode.swift; path = MasterViewController.swift; sourceTree = "<group>"; };
		94C878471FB2E632000EDB88 /* Moves-Tutorial.app */ = {isa = PBXFileReference; explicitFileType = wrapper.application; includeInIndex = 0; path = "Moves-Tutorial.app"; sourceTree = BUILT_PRODUCTS_DIR; };
		94C878491FB2E632000EDB88 /* AppDelegate.swift */ = {isa = PBXFileReference; lastKnownFileType = sourcecode.swift; path = AppDelegate.swift; sourceTree = "<group>"; };
		94C8784E1FB2E632000EDB88 /* Base */ = {isa = PBXFileReference; lastKnownFileType = file.storyboard; name = Base; path = Base.lproj/Main.storyboard; sourceTree = "<group>"; };
		94C878501FB2E632000EDB88 /* Assets.xcassets */ = {isa = PBXFileReference; lastKnownFileType = folder.assetcatalog; path = Assets.xcassets; sourceTree = "<group>"; };
		94C878531FB2E632000EDB88 /* Base */ = {isa = PBXFileReference; lastKnownFileType = file.storyboard; name = Base; path = Base.lproj/LaunchScreen.storyboard; sourceTree = "<group>"; };
		94C878551FB2E633000EDB88 /* Info.plist */ = {isa = PBXFileReference; lastKnownFileType = text.plist.xml; path = Info.plist; sourceTree = "<group>"; };
		94C8785A1FB2E633000EDB88 /* Moves-TutorialTests.xctest */ = {isa = PBXFileReference; explicitFileType = wrapper.cfbundle; includeInIndex = 0; path = "Moves-TutorialTests.xctest"; sourceTree = BUILT_PRODUCTS_DIR; };
		94C8785E1FB2E633000EDB88 /* Moves_TutorialTests.swift */ = {isa = PBXFileReference; lastKnownFileType = sourcecode.swift; path = Moves_TutorialTests.swift; sourceTree = "<group>"; };
		94C878601FB2E633000EDB88 /* Info.plist */ = {isa = PBXFileReference; lastKnownFileType = text.plist.xml; path = Info.plist; sourceTree = "<group>"; };
		94C878651FB2E633000EDB88 /* Moves-TutorialUITests.xctest */ = {isa = PBXFileReference; explicitFileType = wrapper.cfbundle; includeInIndex = 0; path = "Moves-TutorialUITests.xctest"; sourceTree = BUILT_PRODUCTS_DIR; };
		94C878691FB2E633000EDB88 /* Moves_TutorialUITests.swift */ = {isa = PBXFileReference; lastKnownFileType = sourcecode.swift; path = Moves_TutorialUITests.swift; sourceTree = "<group>"; };
		94C8786B1FB2E633000EDB88 /* Info.plist */ = {isa = PBXFileReference; lastKnownFileType = text.plist.xml; path = Info.plist; sourceTree = "<group>"; };
		94E62CC01F6584A300F4C3BB /* SlideUpWithContextViewController.swift */ = {isa = PBXFileReference; fileEncoding = 4; lastKnownFileType = sourcecode.swift; path = SlideUpWithContextViewController.swift; sourceTree = "<group>"; };
		94FD18BE1FB6083700D95D38 /* FadeInOverContextAnimator.swift */ = {isa = PBXFileReference; lastKnownFileType = sourcecode.swift; path = FadeInOverContextAnimator.swift; sourceTree = "<group>"; };
		94FD18C01FB6083E00D95D38 /* FadeOutOverContextAnimator.swift */ = {isa = PBXFileReference; lastKnownFileType = sourcecode.swift; path = FadeOutOverContextAnimator.swift; sourceTree = "<group>"; };
		A42B9851C8BB055F92DBFB9B /* Pods-Moves.debug.xcconfig */ = {isa = PBXFileReference; includeInIndex = 1; lastKnownFileType = text.xcconfig; name = "Pods-Moves.debug.xcconfig"; path = "Pods/Target Support Files/Pods-Moves/Pods-Moves.debug.xcconfig"; sourceTree = "<group>"; };
		A5727674933003840BA19E35 /* Pods_MovesTests.framework */ = {isa = PBXFileReference; explicitFileType = wrapper.framework; includeInIndex = 0; path = Pods_MovesTests.framework; sourceTree = BUILT_PRODUCTS_DIR; };
		AA1FC8634C760F8C4B37DD99 /* Pods_Moves.framework */ = {isa = PBXFileReference; explicitFileType = wrapper.framework; includeInIndex = 0; path = Pods_Moves.framework; sourceTree = BUILT_PRODUCTS_DIR; };
		BEC9442B8DDEA744A695CD49 /* Pods-VCMoves.release.xcconfig */ = {isa = PBXFileReference; includeInIndex = 1; lastKnownFileType = text.xcconfig; name = "Pods-VCMoves.release.xcconfig"; path = "Pods/Target Support Files/Pods-VCMoves/Pods-VCMoves.release.xcconfig"; sourceTree = "<group>"; };
		C5B89450BC9C9A16BF2FD622 /* Pods_VCMovesTests.framework */ = {isa = PBXFileReference; explicitFileType = wrapper.framework; includeInIndex = 0; path = Pods_VCMovesTests.framework; sourceTree = BUILT_PRODUCTS_DIR; };
/* End PBXFileReference section */

/* Begin PBXFrameworksBuildPhase section */
		9435F4241F61177A0084D657 /* Frameworks */ = {
			isa = PBXFrameworksBuildPhase;
			buildActionMask = 2147483647;
			files = (
				9435F4721F6117910084D657 /* Moves.framework in Frameworks */,
				F19715FA3519AE78F79E25AD /* Pods_VCMoves.framework in Frameworks */,
			);
			runOnlyForDeploymentPostprocessing = 0;
		};
		9435F4381F61177A0084D657 /* Frameworks */ = {
			isa = PBXFrameworksBuildPhase;
			buildActionMask = 2147483647;
			files = (
			);
			runOnlyForDeploymentPostprocessing = 0;
		};
		9435F4431F61177A0084D657 /* Frameworks */ = {
			isa = PBXFrameworksBuildPhase;
			buildActionMask = 2147483647;
			files = (
			);
			runOnlyForDeploymentPostprocessing = 0;
		};
		9435F4591F6117910084D657 /* Frameworks */ = {
			isa = PBXFrameworksBuildPhase;
			buildActionMask = 2147483647;
			files = (
				75A01DBDCB8501F4F33B0B6F /* Pods_Moves.framework in Frameworks */,
			);
			runOnlyForDeploymentPostprocessing = 0;
		};
		9435F4621F6117910084D657 /* Frameworks */ = {
			isa = PBXFrameworksBuildPhase;
			buildActionMask = 2147483647;
			files = (
				9435F4661F6117910084D657 /* Moves.framework in Frameworks */,
			);
			runOnlyForDeploymentPostprocessing = 0;
		};
		94C878441FB2E632000EDB88 /* Frameworks */ = {
			isa = PBXFrameworksBuildPhase;
			buildActionMask = 2147483647;
			files = (
			);
			runOnlyForDeploymentPostprocessing = 0;
		};
		94C878571FB2E633000EDB88 /* Frameworks */ = {
			isa = PBXFrameworksBuildPhase;
			buildActionMask = 2147483647;
			files = (
			);
			runOnlyForDeploymentPostprocessing = 0;
		};
		94C878621FB2E633000EDB88 /* Frameworks */ = {
			isa = PBXFrameworksBuildPhase;
			buildActionMask = 2147483647;
			files = (
			);
			runOnlyForDeploymentPostprocessing = 0;
		};
/* End PBXFrameworksBuildPhase section */

/* Begin PBXGroup section */
		9414BBA31FB60311004A7F1D /* Configuration */ = {
			isa = PBXGroup;
			children = (
				9414BBA41FB6032A004A7F1D /* ModalConfiguration.swift */,
				9414BBA61FB603C4004A7F1D /* Alignments.swift */,
				9414BBA81FB603F6004A7F1D /* Direction.swift */,
			);
			path = Configuration;
			sourceTree = "<group>";
		};
		9414BBAA1FB60429004A7F1D /* Protocols */ = {
			isa = PBXGroup;
			children = (
				9414BBAB1FB60440004A7F1D /* TransformAnimator.swift */,
			);
			path = Protocols;
			sourceTree = "<group>";
		};
		9414BBB01FB6053E004A7F1D /* Slide Up Sheet */ = {
			isa = PBXGroup;
			children = (
				94E62CC01F6584A300F4C3BB /* SlideUpWithContextViewController.swift */,
				9435F4831F61DE230084D657 /* SlideUpWithContextModalViewController.swift */,
			);
			path = "Slide Up Sheet";
			sourceTree = "<group>";
		};
		9435F41E1F61177A0084D657 = {
			isa = PBXGroup;
			children = (
				9435F4291F61177A0084D657 /* VCMoves */,
				9435F43E1F61177A0084D657 /* VCMovesTests */,
				9435F45E1F6117910084D657 /* Moves */,
				9435F46B1F6117910084D657 /* MovesTests */,
				94C878481FB2E632000EDB88 /* Moves-Tutorial */,
				94C8785D1FB2E633000EDB88 /* Moves-TutorialTests */,
				94C878681FB2E633000EDB88 /* Moves-TutorialUITests */,
				9435F4281F61177A0084D657 /* Products */,
				B193192139F40DEBED969A6E /* Pods */,
				DA2F827028B4356C71A592B2 /* Frameworks */,
			);
			sourceTree = "<group>";
		};
		9435F4281F61177A0084D657 /* Products */ = {
			isa = PBXGroup;
			children = (
				9435F4271F61177A0084D657 /* VCMoves.app */,
				9435F43B1F61177A0084D657 /* VCMovesTests.xctest */,
				9435F4461F61177A0084D657 /* VCMovesUITests.xctest */,
				9435F45D1F6117910084D657 /* Moves.framework */,
				9435F4651F6117910084D657 /* MovesTests.xctest */,
				94C878471FB2E632000EDB88 /* Moves-Tutorial.app */,
				94C8785A1FB2E633000EDB88 /* Moves-TutorialTests.xctest */,
				94C878651FB2E633000EDB88 /* Moves-TutorialUITests.xctest */,
			);
			name = Products;
			sourceTree = "<group>";
		};
		9435F4291F61177A0084D657 /* VCMoves */ = {
			isa = PBXGroup;
			children = (
				9435F42A1F61177A0084D657 /* AppDelegate.swift */,
				9414BBB01FB6053E004A7F1D /* Slide Up Sheet */,
				9414BBA11FB602BE004A7F1D /* MovesListTableViewController.swift */,
				9435F42E1F61177A0084D657 /* Main.storyboard */,
				9435F4311F61177A0084D657 /* Assets.xcassets */,
				9435F4331F61177A0084D657 /* LaunchScreen.storyboard */,
				9435F4361F61177A0084D657 /* Info.plist */,
			);
			path = VCMoves;
			sourceTree = "<group>";
		};
		9435F43E1F61177A0084D657 /* VCMovesTests */ = {
			isa = PBXGroup;
			children = (
				9435F43F1F61177A0084D657 /* VCMovesTests.swift */,
				9435F4411F61177A0084D657 /* Info.plist */,
			);
			path = VCMovesTests;
			sourceTree = "<group>";
		};
		9435F45E1F6117910084D657 /* Moves */ = {
			isa = PBXGroup;
			children = (
				9435F45F1F6117910084D657 /* Moves.h */,
				9435F4601F6117910084D657 /* Info.plist */,
				948510BB1FAEF197008AF766 /* Prebuilt Animators */,
				9435F4861F63A4B60084D657 /* Animator.swift */,
				9414BBAA1FB60429004A7F1D /* Protocols */,
				9414BBA31FB60311004A7F1D /* Configuration */,
				9435F47B1F6117E90084D657 /* MovesCoordinator.swift */,
				948510B91FAEF0A8008AF766 /* PannableMoveOptions.swift */,
				948510B71FAEF04D008AF766 /* MovesConfiguration.swift */,
			);
			path = Moves;
			sourceTree = "<group>";
		};
		9435F46B1F6117910084D657 /* MovesTests */ = {
			isa = PBXGroup;
			children = (
				9435F46C1F6117910084D657 /* MovesTests.swift */,
				9435F46E1F6117910084D657 /* Info.plist */,
			);
			path = MovesTests;
			sourceTree = "<group>";
		};
		948510BB1FAEF197008AF766 /* Prebuilt Animators */ = {
			isa = PBXGroup;
			children = (
				9435F47F1F6118570084D657 /* SlideOutOverContextAnimator.swift */,
				9435F4811F6118810084D657 /* SlideInOverContextAnimator.swift */,
				94FD18BE1FB6083700D95D38 /* FadeInOverContextAnimator.swift */,
				94FD18C01FB6083E00D95D38 /* FadeOutOverContextAnimator.swift */,
			);
			path = "Prebuilt Animators";
			sourceTree = "<group>";
		};
		94C878481FB2E632000EDB88 /* Moves-Tutorial */ = {
			isa = PBXGroup;
			children = (
				94C878491FB2E632000EDB88 /* AppDelegate.swift */,
				94C878411FB0A0ED000EDB88 /* MasterViewController.swift */,
				94C8784D1FB2E632000EDB88 /* Main.storyboard */,
				94C878501FB2E632000EDB88 /* Assets.xcassets */,
				94C878521FB2E632000EDB88 /* LaunchScreen.storyboard */,
				94C878551FB2E633000EDB88 /* Info.plist */,
			);
			path = "Moves-Tutorial";
			sourceTree = "<group>";
		};
		94C8785D1FB2E633000EDB88 /* Moves-TutorialTests */ = {
			isa = PBXGroup;
			children = (
				94C8785E1FB2E633000EDB88 /* Moves_TutorialTests.swift */,
				94C878601FB2E633000EDB88 /* Info.plist */,
			);
			path = "Moves-TutorialTests";
			sourceTree = "<group>";
		};
		94C878681FB2E633000EDB88 /* Moves-TutorialUITests */ = {
			isa = PBXGroup;
			children = (
				94C878691FB2E633000EDB88 /* Moves_TutorialUITests.swift */,
				94C8786B1FB2E633000EDB88 /* Info.plist */,
			);
			path = "Moves-TutorialUITests";
			sourceTree = "<group>";
		};
		B193192139F40DEBED969A6E /* Pods */ = {
			isa = PBXGroup;
			children = (
				A42B9851C8BB055F92DBFB9B /* Pods-Moves.debug.xcconfig */,
				789E538E03A7277AF28449D9 /* Pods-Moves.release.xcconfig */,
				83B015662C7EF45ED32CE72F /* Pods-VCMoves.debug.xcconfig */,
				BEC9442B8DDEA744A695CD49 /* Pods-VCMoves.release.xcconfig */,
			);
			name = Pods;
			sourceTree = "<group>";
		};
		DA2F827028B4356C71A592B2 /* Frameworks */ = {
			isa = PBXGroup;
			children = (
				AA1FC8634C760F8C4B37DD99 /* Pods_Moves.framework */,
				A5727674933003840BA19E35 /* Pods_MovesTests.framework */,
				80043B10847F7F529C74EA5D /* Pods_VCMoves.framework */,
				C5B89450BC9C9A16BF2FD622 /* Pods_VCMovesTests.framework */,
				235B322A5BB6C787A98D382C /* Pods_VCMovesUITests.framework */,
			);
			name = Frameworks;
			sourceTree = "<group>";
		};
/* End PBXGroup section */

/* Begin PBXHeadersBuildPhase section */
		9435F45A1F6117910084D657 /* Headers */ = {
			isa = PBXHeadersBuildPhase;
			buildActionMask = 2147483647;
			files = (
				9435F46F1F6117910084D657 /* Moves.h in Headers */,
			);
			runOnlyForDeploymentPostprocessing = 0;
		};
/* End PBXHeadersBuildPhase section */

/* Begin PBXNativeTarget section */
		9435F4261F61177A0084D657 /* VCMoves */ = {
			isa = PBXNativeTarget;
			buildConfigurationList = 9435F44F1F61177A0084D657 /* Build configuration list for PBXNativeTarget "VCMoves" */;
			buildPhases = (
				DDEF2ACB6C29CED62EA71A11 /* [CP] Check Pods Manifest.lock */,
				9435F4231F61177A0084D657 /* Sources */,
				9435F4241F61177A0084D657 /* Frameworks */,
				9435F4251F61177A0084D657 /* Resources */,
				9435F4771F6117910084D657 /* Embed Frameworks */,
				009CF19075012A951D1E46FC /* [CP] Embed Pods Frameworks */,
			);
			buildRules = (
			);
			dependencies = (
				9435F4711F6117910084D657 /* PBXTargetDependency */,
			);
			name = VCMoves;
			productName = VCMoves;
			productReference = 9435F4271F61177A0084D657 /* VCMoves.app */;
			productType = "com.apple.product-type.application";
		};
		9435F43A1F61177A0084D657 /* VCMovesTests */ = {
			isa = PBXNativeTarget;
			buildConfigurationList = 9435F4521F61177A0084D657 /* Build configuration list for PBXNativeTarget "VCMovesTests" */;
			buildPhases = (
				9435F4371F61177A0084D657 /* Sources */,
				9435F4381F61177A0084D657 /* Frameworks */,
				9435F4391F61177A0084D657 /* Resources */,
			);
			buildRules = (
			);
			dependencies = (
				9435F43D1F61177A0084D657 /* PBXTargetDependency */,
			);
			name = VCMovesTests;
			productName = VCMovesTests;
			productReference = 9435F43B1F61177A0084D657 /* VCMovesTests.xctest */;
			productType = "com.apple.product-type.bundle.unit-test";
		};
		9435F4451F61177A0084D657 /* VCMovesUITests */ = {
			isa = PBXNativeTarget;
			buildConfigurationList = 9435F4551F61177A0084D657 /* Build configuration list for PBXNativeTarget "VCMovesUITests" */;
			buildPhases = (
				9435F4421F61177A0084D657 /* Sources */,
				9435F4431F61177A0084D657 /* Frameworks */,
				9435F4441F61177A0084D657 /* Resources */,
			);
			buildRules = (
			);
			dependencies = (
				9435F4481F61177A0084D657 /* PBXTargetDependency */,
			);
			name = VCMovesUITests;
			productName = VCMovesUITests;
			productReference = 9435F4461F61177A0084D657 /* VCMovesUITests.xctest */;
			productType = "com.apple.product-type.bundle.ui-testing";
		};
		9435F45C1F6117910084D657 /* Moves */ = {
			isa = PBXNativeTarget;
			buildConfigurationList = 9435F4741F6117910084D657 /* Build configuration list for PBXNativeTarget "Moves" */;
			buildPhases = (
				E85C100AC6721DB90BD6471E /* [CP] Check Pods Manifest.lock */,
				9435F4581F6117910084D657 /* Sources */,
				9435F4591F6117910084D657 /* Frameworks */,
				9435F45A1F6117910084D657 /* Headers */,
				9435F45B1F6117910084D657 /* Resources */,
			);
			buildRules = (
			);
			dependencies = (
			);
			name = Moves;
			productName = Moves;
			productReference = 9435F45D1F6117910084D657 /* Moves.framework */;
			productType = "com.apple.product-type.framework";
		};
		9435F4641F6117910084D657 /* MovesTests */ = {
			isa = PBXNativeTarget;
			buildConfigurationList = 9435F4781F6117910084D657 /* Build configuration list for PBXNativeTarget "MovesTests" */;
			buildPhases = (
				9435F4611F6117910084D657 /* Sources */,
				9435F4621F6117910084D657 /* Frameworks */,
				9435F4631F6117910084D657 /* Resources */,
			);
			buildRules = (
			);
			dependencies = (
				9435F4681F6117910084D657 /* PBXTargetDependency */,
				9435F46A1F6117910084D657 /* PBXTargetDependency */,
			);
			name = MovesTests;
			productName = MovesTests;
			productReference = 9435F4651F6117910084D657 /* MovesTests.xctest */;
			productType = "com.apple.product-type.bundle.unit-test";
		};
		94C878461FB2E632000EDB88 /* Moves-Tutorial */ = {
			isa = PBXNativeTarget;
			buildConfigurationList = 94C8786C1FB2E633000EDB88 /* Build configuration list for PBXNativeTarget "Moves-Tutorial" */;
			buildPhases = (
				94C878431FB2E632000EDB88 /* Sources */,
				94C878441FB2E632000EDB88 /* Frameworks */,
				94C878451FB2E632000EDB88 /* Resources */,
			);
			buildRules = (
			);
			dependencies = (
			);
			name = "Moves-Tutorial";
			productName = "Moves-Tutorial";
			productReference = 94C878471FB2E632000EDB88 /* Moves-Tutorial.app */;
			productType = "com.apple.product-type.application";
		};
		94C878591FB2E633000EDB88 /* Moves-TutorialTests */ = {
			isa = PBXNativeTarget;
			buildConfigurationList = 94C8786F1FB2E633000EDB88 /* Build configuration list for PBXNativeTarget "Moves-TutorialTests" */;
			buildPhases = (
				94C878561FB2E633000EDB88 /* Sources */,
				94C878571FB2E633000EDB88 /* Frameworks */,
				94C878581FB2E633000EDB88 /* Resources */,
			);
			buildRules = (
			);
			dependencies = (
				94C8785C1FB2E633000EDB88 /* PBXTargetDependency */,
			);
			name = "Moves-TutorialTests";
			productName = "Moves-TutorialTests";
			productReference = 94C8785A1FB2E633000EDB88 /* Moves-TutorialTests.xctest */;
			productType = "com.apple.product-type.bundle.unit-test";
		};
		94C878641FB2E633000EDB88 /* Moves-TutorialUITests */ = {
			isa = PBXNativeTarget;
			buildConfigurationList = 94C878721FB2E633000EDB88 /* Build configuration list for PBXNativeTarget "Moves-TutorialUITests" */;
			buildPhases = (
				94C878611FB2E633000EDB88 /* Sources */,
				94C878621FB2E633000EDB88 /* Frameworks */,
				94C878631FB2E633000EDB88 /* Resources */,
			);
			buildRules = (
			);
			dependencies = (
				94C878671FB2E633000EDB88 /* PBXTargetDependency */,
			);
			name = "Moves-TutorialUITests";
			productName = "Moves-TutorialUITests";
			productReference = 94C878651FB2E633000EDB88 /* Moves-TutorialUITests.xctest */;
			productType = "com.apple.product-type.bundle.ui-testing";
		};
/* End PBXNativeTarget section */

/* Begin PBXProject section */
		9435F41F1F61177A0084D657 /* Project object */ = {
			isa = PBXProject;
			attributes = {
				LastSwiftUpdateCheck = 0910;
				LastUpgradeCheck = 0830;
				ORGANIZATIONNAME = "Leo Kwan";
				TargetAttributes = {
					9435F4261F61177A0084D657 = {
						CreatedOnToolsVersion = 8.3.3;
						DevelopmentTeam = DWCYJ9H353;
						ProvisioningStyle = Automatic;
					};
					9435F43A1F61177A0084D657 = {
						CreatedOnToolsVersion = 8.3.3;
						DevelopmentTeam = DWCYJ9H353;
						ProvisioningStyle = Automatic;
						TestTargetID = 9435F4261F61177A0084D657;
					};
					9435F4451F61177A0084D657 = {
						CreatedOnToolsVersion = 8.3.3;
						DevelopmentTeam = DWCYJ9H353;
						ProvisioningStyle = Automatic;
						TestTargetID = 9435F4261F61177A0084D657;
					};
					9435F45C1F6117910084D657 = {
						CreatedOnToolsVersion = 8.3.3;
						DevelopmentTeam = DWCYJ9H353;
						LastSwiftMigration = 0830;
						ProvisioningStyle = Automatic;
					};
					9435F4641F6117910084D657 = {
						CreatedOnToolsVersion = 8.3.3;
						DevelopmentTeam = DWCYJ9H353;
						ProvisioningStyle = Automatic;
						TestTargetID = 9435F4261F61177A0084D657;
					};
					94C878461FB2E632000EDB88 = {
						CreatedOnToolsVersion = 9.1;
						DevelopmentTeam = DWCYJ9H353;
						ProvisioningStyle = Automatic;
					};
					94C878591FB2E633000EDB88 = {
						CreatedOnToolsVersion = 9.1;
						DevelopmentTeam = DWCYJ9H353;
						ProvisioningStyle = Automatic;
						TestTargetID = 94C878461FB2E632000EDB88;
					};
					94C878641FB2E633000EDB88 = {
						CreatedOnToolsVersion = 9.1;
						DevelopmentTeam = DWCYJ9H353;
						ProvisioningStyle = Automatic;
						TestTargetID = 94C878461FB2E632000EDB88;
					};
				};
			};
			buildConfigurationList = 9435F4221F61177A0084D657 /* Build configuration list for PBXProject "VCMoves" */;
			compatibilityVersion = "Xcode 3.2";
			developmentRegion = English;
			hasScannedForEncodings = 0;
			knownRegions = (
				English,
				en,
				Base,
			);
			mainGroup = 9435F41E1F61177A0084D657;
			productRefGroup = 9435F4281F61177A0084D657 /* Products */;
			projectDirPath = "";
			projectRoot = "";
			targets = (
				9435F4261F61177A0084D657 /* VCMoves */,
				9435F43A1F61177A0084D657 /* VCMovesTests */,
				9435F4451F61177A0084D657 /* VCMovesUITests */,
				9435F45C1F6117910084D657 /* Moves */,
				9435F4641F6117910084D657 /* MovesTests */,
				94C878461FB2E632000EDB88 /* Moves-Tutorial */,
				94C878591FB2E633000EDB88 /* Moves-TutorialTests */,
				94C878641FB2E633000EDB88 /* Moves-TutorialUITests */,
			);
		};
/* End PBXProject section */

/* Begin PBXResourcesBuildPhase section */
		9435F4251F61177A0084D657 /* Resources */ = {
			isa = PBXResourcesBuildPhase;
			buildActionMask = 2147483647;
			files = (
				9435F4351F61177A0084D657 /* LaunchScreen.storyboard in Resources */,
				9435F4321F61177A0084D657 /* Assets.xcassets in Resources */,
				9435F4301F61177A0084D657 /* Main.storyboard in Resources */,
			);
			runOnlyForDeploymentPostprocessing = 0;
		};
		9435F4391F61177A0084D657 /* Resources */ = {
			isa = PBXResourcesBuildPhase;
			buildActionMask = 2147483647;
			files = (
			);
			runOnlyForDeploymentPostprocessing = 0;
		};
		9435F4441F61177A0084D657 /* Resources */ = {
			isa = PBXResourcesBuildPhase;
			buildActionMask = 2147483647;
			files = (
			);
			runOnlyForDeploymentPostprocessing = 0;
		};
		9435F45B1F6117910084D657 /* Resources */ = {
			isa = PBXResourcesBuildPhase;
			buildActionMask = 2147483647;
			files = (
			);
			runOnlyForDeploymentPostprocessing = 0;
		};
		9435F4631F6117910084D657 /* Resources */ = {
			isa = PBXResourcesBuildPhase;
			buildActionMask = 2147483647;
			files = (
			);
			runOnlyForDeploymentPostprocessing = 0;
		};
		94C878451FB2E632000EDB88 /* Resources */ = {
			isa = PBXResourcesBuildPhase;
			buildActionMask = 2147483647;
			files = (
				94C878541FB2E632000EDB88 /* LaunchScreen.storyboard in Resources */,
				94C878511FB2E632000EDB88 /* Assets.xcassets in Resources */,
				94C8784F1FB2E632000EDB88 /* Main.storyboard in Resources */,
			);
			runOnlyForDeploymentPostprocessing = 0;
		};
		94C878581FB2E633000EDB88 /* Resources */ = {
			isa = PBXResourcesBuildPhase;
			buildActionMask = 2147483647;
			files = (
			);
			runOnlyForDeploymentPostprocessing = 0;
		};
		94C878631FB2E633000EDB88 /* Resources */ = {
			isa = PBXResourcesBuildPhase;
			buildActionMask = 2147483647;
			files = (
			);
			runOnlyForDeploymentPostprocessing = 0;
		};
/* End PBXResourcesBuildPhase section */

/* Begin PBXShellScriptBuildPhase section */
		009CF19075012A951D1E46FC /* [CP] Embed Pods Frameworks */ = {
			isa = PBXShellScriptBuildPhase;
			buildActionMask = 2147483647;
			files = (
			);
			inputPaths = (
				"${PODS_ROOT}/Target Support Files/Pods-VCMoves/Pods-VCMoves-frameworks.sh",
				"${BUILT_PRODUCTS_DIR}/MiniObservable/MiniObservable.framework",
			);
			name = "[CP] Embed Pods Frameworks";
			outputPaths = (
				"${TARGET_BUILD_DIR}/${FRAMEWORKS_FOLDER_PATH}/MiniObservable.framework",
			);
			runOnlyForDeploymentPostprocessing = 0;
			shellPath = /bin/sh;
			shellScript = "\"${PODS_ROOT}/Target Support Files/Pods-VCMoves/Pods-VCMoves-frameworks.sh\"\n";
			showEnvVarsInLog = 0;
		};
		DDEF2ACB6C29CED62EA71A11 /* [CP] Check Pods Manifest.lock */ = {
			isa = PBXShellScriptBuildPhase;
			buildActionMask = 2147483647;
			files = (
			);
			inputPaths = (
				"${PODS_PODFILE_DIR_PATH}/Podfile.lock",
				"${PODS_ROOT}/Manifest.lock",
			);
			name = "[CP] Check Pods Manifest.lock";
			outputPaths = (
				"$(DERIVED_FILE_DIR)/Pods-VCMoves-checkManifestLockResult.txt",
			);
			runOnlyForDeploymentPostprocessing = 0;
			shellPath = /bin/sh;
			shellScript = "diff \"${PODS_PODFILE_DIR_PATH}/Podfile.lock\" \"${PODS_ROOT}/Manifest.lock\" > /dev/null\nif [ $? != 0 ] ; then\n    # print error to STDERR\n    echo \"error: The sandbox is not in sync with the Podfile.lock. Run 'pod install' or update your CocoaPods installation.\" >&2\n    exit 1\nfi\n# This output is used by Xcode 'outputs' to avoid re-running this script phase.\necho \"SUCCESS\" > \"${SCRIPT_OUTPUT_FILE_0}\"\n";
			showEnvVarsInLog = 0;
		};
		E85C100AC6721DB90BD6471E /* [CP] Check Pods Manifest.lock */ = {
			isa = PBXShellScriptBuildPhase;
			buildActionMask = 2147483647;
			files = (
			);
			inputPaths = (
				"${PODS_PODFILE_DIR_PATH}/Podfile.lock",
				"${PODS_ROOT}/Manifest.lock",
			);
			name = "[CP] Check Pods Manifest.lock";
			outputPaths = (
				"$(DERIVED_FILE_DIR)/Pods-Moves-checkManifestLockResult.txt",
			);
			runOnlyForDeploymentPostprocessing = 0;
			shellPath = /bin/sh;
			shellScript = "diff \"${PODS_PODFILE_DIR_PATH}/Podfile.lock\" \"${PODS_ROOT}/Manifest.lock\" > /dev/null\nif [ $? != 0 ] ; then\n    # print error to STDERR\n    echo \"error: The sandbox is not in sync with the Podfile.lock. Run 'pod install' or update your CocoaPods installation.\" >&2\n    exit 1\nfi\n# This output is used by Xcode 'outputs' to avoid re-running this script phase.\necho \"SUCCESS\" > \"${SCRIPT_OUTPUT_FILE_0}\"\n";
			showEnvVarsInLog = 0;
		};
/* End PBXShellScriptBuildPhase section */

/* Begin PBXSourcesBuildPhase section */
		9435F4231F61177A0084D657 /* Sources */ = {
			isa = PBXSourcesBuildPhase;
			buildActionMask = 2147483647;
			files = (
				94C878791FB40351000EDB88 /* SlideUpWithContextModalViewController.swift in Sources */,
				9435F42B1F61177A0084D657 /* AppDelegate.swift in Sources */,
				9414BBA21FB602BE004A7F1D /* MovesListTableViewController.swift in Sources */,
				94C878771FB2E673000EDB88 /* SlideUpWithContextViewController.swift in Sources */,
			);
			runOnlyForDeploymentPostprocessing = 0;
		};
		9435F4371F61177A0084D657 /* Sources */ = {
			isa = PBXSourcesBuildPhase;
			buildActionMask = 2147483647;
			files = (
				9435F4401F61177A0084D657 /* VCMovesTests.swift in Sources */,
			);
			runOnlyForDeploymentPostprocessing = 0;
		};
		9435F4421F61177A0084D657 /* Sources */ = {
			isa = PBXSourcesBuildPhase;
			buildActionMask = 2147483647;
			files = (
			);
			runOnlyForDeploymentPostprocessing = 0;
		};
		9435F4581F6117910084D657 /* Sources */ = {
			isa = PBXSourcesBuildPhase;
			buildActionMask = 2147483647;
			files = (
				9414BBA51FB6032A004A7F1D /* ModalConfiguration.swift in Sources */,
				9435F4871F63A4B60084D657 /* Animator.swift in Sources */,
				948510BA1FAEF0A8008AF766 /* PannableMoveOptions.swift in Sources */,
				9435F47C1F6117E90084D657 /* MovesCoordinator.swift in Sources */,
				9435F4821F6118810084D657 /* SlideInOverContextAnimator.swift in Sources */,
				9414BBA71FB603C4004A7F1D /* Alignments.swift in Sources */,
				94FD18C11FB6083E00D95D38 /* FadeOutOverContextAnimator.swift in Sources */,
				9435F4801F6118570084D657 /* SlideOutOverContextAnimator.swift in Sources */,
				9414BBAC1FB60440004A7F1D /* TransformAnimator.swift in Sources */,
				948510B81FAEF04D008AF766 /* MovesConfiguration.swift in Sources */,
				94FD18BF1FB6083700D95D38 /* FadeInOverContextAnimator.swift in Sources */,
				9414BBA91FB603F6004A7F1D /* Direction.swift in Sources */,
			);
			runOnlyForDeploymentPostprocessing = 0;
		};
		9435F4611F6117910084D657 /* Sources */ = {
			isa = PBXSourcesBuildPhase;
			buildActionMask = 2147483647;
			files = (
				9435F46D1F6117910084D657 /* MovesTests.swift in Sources */,
			);
			runOnlyForDeploymentPostprocessing = 0;
		};
		94C878431FB2E632000EDB88 /* Sources */ = {
			isa = PBXSourcesBuildPhase;
			buildActionMask = 2147483647;
			files = (
				94C878761FB2E651000EDB88 /* MasterViewController.swift in Sources */,
				94C8784A1FB2E632000EDB88 /* AppDelegate.swift in Sources */,
			);
			runOnlyForDeploymentPostprocessing = 0;
		};
		94C878561FB2E633000EDB88 /* Sources */ = {
			isa = PBXSourcesBuildPhase;
			buildActionMask = 2147483647;
			files = (
				94C8785F1FB2E633000EDB88 /* Moves_TutorialTests.swift in Sources */,
			);
			runOnlyForDeploymentPostprocessing = 0;
		};
		94C878611FB2E633000EDB88 /* Sources */ = {
			isa = PBXSourcesBuildPhase;
			buildActionMask = 2147483647;
			files = (
				94C8786A1FB2E633000EDB88 /* Moves_TutorialUITests.swift in Sources */,
			);
			runOnlyForDeploymentPostprocessing = 0;
		};
/* End PBXSourcesBuildPhase section */

/* Begin PBXTargetDependency section */
		9435F43D1F61177A0084D657 /* PBXTargetDependency */ = {
			isa = PBXTargetDependency;
			target = 9435F4261F61177A0084D657 /* VCMoves */;
			targetProxy = 9435F43C1F61177A0084D657 /* PBXContainerItemProxy */;
		};
		9435F4481F61177A0084D657 /* PBXTargetDependency */ = {
			isa = PBXTargetDependency;
			target = 9435F4261F61177A0084D657 /* VCMoves */;
			targetProxy = 9435F4471F61177A0084D657 /* PBXContainerItemProxy */;
		};
		9435F4681F6117910084D657 /* PBXTargetDependency */ = {
			isa = PBXTargetDependency;
			target = 9435F45C1F6117910084D657 /* Moves */;
			targetProxy = 9435F4671F6117910084D657 /* PBXContainerItemProxy */;
		};
		9435F46A1F6117910084D657 /* PBXTargetDependency */ = {
			isa = PBXTargetDependency;
			target = 9435F4261F61177A0084D657 /* VCMoves */;
			targetProxy = 9435F4691F6117910084D657 /* PBXContainerItemProxy */;
		};
		9435F4711F6117910084D657 /* PBXTargetDependency */ = {
			isa = PBXTargetDependency;
			target = 9435F45C1F6117910084D657 /* Moves */;
			targetProxy = 9435F4701F6117910084D657 /* PBXContainerItemProxy */;
		};
		94C8785C1FB2E633000EDB88 /* PBXTargetDependency */ = {
			isa = PBXTargetDependency;
			target = 94C878461FB2E632000EDB88 /* Moves-Tutorial */;
			targetProxy = 94C8785B1FB2E633000EDB88 /* PBXContainerItemProxy */;
		};
		94C878671FB2E633000EDB88 /* PBXTargetDependency */ = {
			isa = PBXTargetDependency;
			target = 94C878461FB2E632000EDB88 /* Moves-Tutorial */;
			targetProxy = 94C878661FB2E633000EDB88 /* PBXContainerItemProxy */;
		};
/* End PBXTargetDependency section */

/* Begin PBXVariantGroup section */
		9435F42E1F61177A0084D657 /* Main.storyboard */ = {
			isa = PBXVariantGroup;
			children = (
				9435F42F1F61177A0084D657 /* Base */,
			);
			name = Main.storyboard;
			sourceTree = "<group>";
		};
		9435F4331F61177A0084D657 /* LaunchScreen.storyboard */ = {
			isa = PBXVariantGroup;
			children = (
				9435F4341F61177A0084D657 /* Base */,
			);
			name = LaunchScreen.storyboard;
			sourceTree = "<group>";
		};
		94C8784D1FB2E632000EDB88 /* Main.storyboard */ = {
			isa = PBXVariantGroup;
			children = (
				94C8784E1FB2E632000EDB88 /* Base */,
			);
			name = Main.storyboard;
			sourceTree = "<group>";
		};
		94C878521FB2E632000EDB88 /* LaunchScreen.storyboard */ = {
			isa = PBXVariantGroup;
			children = (
				94C878531FB2E632000EDB88 /* Base */,
			);
			name = LaunchScreen.storyboard;
			sourceTree = "<group>";
		};
/* End PBXVariantGroup section */

/* Begin XCBuildConfiguration section */
		9435F44D1F61177A0084D657 /* Debug */ = {
			isa = XCBuildConfiguration;
			buildSettings = {
				ALWAYS_SEARCH_USER_PATHS = NO;
				CLANG_ANALYZER_NONNULL = YES;
				CLANG_ANALYZER_NUMBER_OBJECT_CONVERSION = YES_AGGRESSIVE;
				CLANG_CXX_LANGUAGE_STANDARD = "gnu++0x";
				CLANG_CXX_LIBRARY = "libc++";
				CLANG_ENABLE_MODULES = YES;
				CLANG_ENABLE_OBJC_ARC = YES;
				CLANG_WARN_BOOL_CONVERSION = YES;
				CLANG_WARN_CONSTANT_CONVERSION = YES;
				CLANG_WARN_DIRECT_OBJC_ISA_USAGE = YES_ERROR;
				CLANG_WARN_DOCUMENTATION_COMMENTS = YES;
				CLANG_WARN_EMPTY_BODY = YES;
				CLANG_WARN_ENUM_CONVERSION = YES;
				CLANG_WARN_INFINITE_RECURSION = YES;
				CLANG_WARN_INT_CONVERSION = YES;
				CLANG_WARN_OBJC_ROOT_CLASS = YES_ERROR;
				CLANG_WARN_SUSPICIOUS_MOVE = YES;
				CLANG_WARN_UNREACHABLE_CODE = YES;
				CLANG_WARN__DUPLICATE_METHOD_MATCH = YES;
				"CODE_SIGN_IDENTITY[sdk=iphoneos*]" = "iPhone Developer";
				COPY_PHASE_STRIP = NO;
				DEBUG_INFORMATION_FORMAT = dwarf;
				ENABLE_STRICT_OBJC_MSGSEND = YES;
				ENABLE_TESTABILITY = YES;
				GCC_C_LANGUAGE_STANDARD = gnu99;
				GCC_DYNAMIC_NO_PIC = NO;
				GCC_NO_COMMON_BLOCKS = YES;
				GCC_OPTIMIZATION_LEVEL = 0;
				GCC_PREPROCESSOR_DEFINITIONS = (
					"DEBUG=1",
					"$(inherited)",
				);
				GCC_WARN_64_TO_32_BIT_CONVERSION = YES;
				GCC_WARN_ABOUT_RETURN_TYPE = YES_ERROR;
				GCC_WARN_UNDECLARED_SELECTOR = YES;
				GCC_WARN_UNINITIALIZED_AUTOS = YES_AGGRESSIVE;
				GCC_WARN_UNUSED_FUNCTION = YES;
				GCC_WARN_UNUSED_VARIABLE = YES;
				IPHONEOS_DEPLOYMENT_TARGET = 10.3;
				MTL_ENABLE_DEBUG_INFO = YES;
				ONLY_ACTIVE_ARCH = YES;
				SDKROOT = iphoneos;
				SWIFT_ACTIVE_COMPILATION_CONDITIONS = DEBUG;
				SWIFT_OPTIMIZATION_LEVEL = "-Onone";
				SWIFT_VERSION = 5.0;
				TARGETED_DEVICE_FAMILY = "1,2";
			};
			name = Debug;
		};
		9435F44E1F61177A0084D657 /* Release */ = {
			isa = XCBuildConfiguration;
			buildSettings = {
				ALWAYS_SEARCH_USER_PATHS = NO;
				CLANG_ANALYZER_NONNULL = YES;
				CLANG_ANALYZER_NUMBER_OBJECT_CONVERSION = YES_AGGRESSIVE;
				CLANG_CXX_LANGUAGE_STANDARD = "gnu++0x";
				CLANG_CXX_LIBRARY = "libc++";
				CLANG_ENABLE_MODULES = YES;
				CLANG_ENABLE_OBJC_ARC = YES;
				CLANG_WARN_BOOL_CONVERSION = YES;
				CLANG_WARN_CONSTANT_CONVERSION = YES;
				CLANG_WARN_DIRECT_OBJC_ISA_USAGE = YES_ERROR;
				CLANG_WARN_DOCUMENTATION_COMMENTS = YES;
				CLANG_WARN_EMPTY_BODY = YES;
				CLANG_WARN_ENUM_CONVERSION = YES;
				CLANG_WARN_INFINITE_RECURSION = YES;
				CLANG_WARN_INT_CONVERSION = YES;
				CLANG_WARN_OBJC_ROOT_CLASS = YES_ERROR;
				CLANG_WARN_SUSPICIOUS_MOVE = YES;
				CLANG_WARN_UNREACHABLE_CODE = YES;
				CLANG_WARN__DUPLICATE_METHOD_MATCH = YES;
				"CODE_SIGN_IDENTITY[sdk=iphoneos*]" = "iPhone Developer";
				COPY_PHASE_STRIP = NO;
				DEBUG_INFORMATION_FORMAT = "dwarf-with-dsym";
				ENABLE_NS_ASSERTIONS = NO;
				ENABLE_STRICT_OBJC_MSGSEND = YES;
				GCC_C_LANGUAGE_STANDARD = gnu99;
				GCC_NO_COMMON_BLOCKS = YES;
				GCC_WARN_64_TO_32_BIT_CONVERSION = YES;
				GCC_WARN_ABOUT_RETURN_TYPE = YES_ERROR;
				GCC_WARN_UNDECLARED_SELECTOR = YES;
				GCC_WARN_UNINITIALIZED_AUTOS = YES_AGGRESSIVE;
				GCC_WARN_UNUSED_FUNCTION = YES;
				GCC_WARN_UNUSED_VARIABLE = YES;
				IPHONEOS_DEPLOYMENT_TARGET = 10.3;
				MTL_ENABLE_DEBUG_INFO = NO;
				SDKROOT = iphoneos;
				SWIFT_OPTIMIZATION_LEVEL = "-Owholemodule";
				SWIFT_VERSION = 5.0;
				TARGETED_DEVICE_FAMILY = "1,2";
				VALIDATE_PRODUCT = YES;
			};
			name = Release;
		};
		9435F4501F61177A0084D657 /* Debug */ = {
			isa = XCBuildConfiguration;
			baseConfigurationReference = 83B015662C7EF45ED32CE72F /* Pods-VCMoves.debug.xcconfig */;
			buildSettings = {
				ALWAYS_EMBED_SWIFT_STANDARD_LIBRARIES = YES;
				ASSETCATALOG_COMPILER_APPICON_NAME = AppIcon;
				DEVELOPMENT_TEAM = DWCYJ9H353;
				INFOPLIST_FILE = VCMoves/Info.plist;
				LD_RUNPATH_SEARCH_PATHS = "$(inherited) @executable_path/Frameworks";
				PRODUCT_BUNDLE_IDENTIFIER = com.leojkwan.VCMoves;
				PRODUCT_NAME = "$(TARGET_NAME)";
				SWIFT_VERSION = 5.0;
			};
			name = Debug;
		};
		9435F4511F61177A0084D657 /* Release */ = {
			isa = XCBuildConfiguration;
			baseConfigurationReference = BEC9442B8DDEA744A695CD49 /* Pods-VCMoves.release.xcconfig */;
			buildSettings = {
				ALWAYS_EMBED_SWIFT_STANDARD_LIBRARIES = YES;
				ASSETCATALOG_COMPILER_APPICON_NAME = AppIcon;
				DEVELOPMENT_TEAM = DWCYJ9H353;
				INFOPLIST_FILE = VCMoves/Info.plist;
				LD_RUNPATH_SEARCH_PATHS = "$(inherited) @executable_path/Frameworks";
				PRODUCT_BUNDLE_IDENTIFIER = com.leojkwan.VCMoves;
				PRODUCT_NAME = "$(TARGET_NAME)";
				SWIFT_VERSION = 5.0;
			};
			name = Release;
		};
		9435F4531F61177A0084D657 /* Debug */ = {
			isa = XCBuildConfiguration;
			buildSettings = {
				ALWAYS_EMBED_SWIFT_STANDARD_LIBRARIES = YES;
				BUNDLE_LOADER = "$(TEST_HOST)";
				DEVELOPMENT_TEAM = DWCYJ9H353;
				INFOPLIST_FILE = VCMovesTests/Info.plist;
				LD_RUNPATH_SEARCH_PATHS = "$(inherited) @executable_path/Frameworks @loader_path/Frameworks";
				PRODUCT_BUNDLE_IDENTIFIER = com.leojkwan.VCMovesTests;
				PRODUCT_NAME = "$(TARGET_NAME)";
				SWIFT_VERSION = 5.0;
				TEST_HOST = "$(BUILT_PRODUCTS_DIR)/VCMoves.app/VCMoves";
			};
			name = Debug;
		};
		9435F4541F61177A0084D657 /* Release */ = {
			isa = XCBuildConfiguration;
			buildSettings = {
				ALWAYS_EMBED_SWIFT_STANDARD_LIBRARIES = YES;
				BUNDLE_LOADER = "$(TEST_HOST)";
				DEVELOPMENT_TEAM = DWCYJ9H353;
				INFOPLIST_FILE = VCMovesTests/Info.plist;
				LD_RUNPATH_SEARCH_PATHS = "$(inherited) @executable_path/Frameworks @loader_path/Frameworks";
				PRODUCT_BUNDLE_IDENTIFIER = com.leojkwan.VCMovesTests;
				PRODUCT_NAME = "$(TARGET_NAME)";
				SWIFT_VERSION = 5.0;
				TEST_HOST = "$(BUILT_PRODUCTS_DIR)/VCMoves.app/VCMoves";
			};
			name = Release;
		};
		9435F4561F61177A0084D657 /* Debug */ = {
			isa = XCBuildConfiguration;
			buildSettings = {
				ALWAYS_EMBED_SWIFT_STANDARD_LIBRARIES = YES;
				DEVELOPMENT_TEAM = DWCYJ9H353;
				INFOPLIST_FILE = VCMovesUITests/Info.plist;
				LD_RUNPATH_SEARCH_PATHS = "$(inherited) @executable_path/Frameworks @loader_path/Frameworks";
				PRODUCT_BUNDLE_IDENTIFIER = com.leojkwan.VCMovesUITests;
				PRODUCT_NAME = "$(TARGET_NAME)";
				SWIFT_VERSION = 5.0;
				TEST_TARGET_NAME = VCMoves;
			};
			name = Debug;
		};
		9435F4571F61177A0084D657 /* Release */ = {
			isa = XCBuildConfiguration;
			buildSettings = {
				ALWAYS_EMBED_SWIFT_STANDARD_LIBRARIES = YES;
				DEVELOPMENT_TEAM = DWCYJ9H353;
				INFOPLIST_FILE = VCMovesUITests/Info.plist;
				LD_RUNPATH_SEARCH_PATHS = "$(inherited) @executable_path/Frameworks @loader_path/Frameworks";
				PRODUCT_BUNDLE_IDENTIFIER = com.leojkwan.VCMovesUITests;
				PRODUCT_NAME = "$(TARGET_NAME)";
				SWIFT_VERSION = 5.0;
				TEST_TARGET_NAME = VCMoves;
			};
			name = Release;
		};
		9435F4751F6117910084D657 /* Debug */ = {
			isa = XCBuildConfiguration;
			baseConfigurationReference = A42B9851C8BB055F92DBFB9B /* Pods-Moves.debug.xcconfig */;
			buildSettings = {
				CLANG_ENABLE_MODULES = YES;
				CODE_SIGN_IDENTITY = "";
				CURRENT_PROJECT_VERSION = 1;
				DEFINES_MODULE = YES;
				DEVELOPMENT_TEAM = DWCYJ9H353;
				DYLIB_COMPATIBILITY_VERSION = 1;
				DYLIB_CURRENT_VERSION = 1;
				DYLIB_INSTALL_NAME_BASE = "@rpath";
				INFOPLIST_FILE = Moves/Info.plist;
				INSTALL_PATH = "$(LOCAL_LIBRARY_DIR)/Frameworks";
				LD_RUNPATH_SEARCH_PATHS = "$(inherited) @executable_path/Frameworks @loader_path/Frameworks";
				PRODUCT_BUNDLE_IDENTIFIER = com.leojkwan.Moves;
				PRODUCT_NAME = "$(TARGET_NAME)";
				SKIP_INSTALL = YES;
				SWIFT_OPTIMIZATION_LEVEL = "-Onone";
				SWIFT_VERSION = 5.0;
				VERSIONING_SYSTEM = "apple-generic";
				VERSION_INFO_PREFIX = "";
			};
			name = Debug;
		};
		9435F4761F6117910084D657 /* Release */ = {
			isa = XCBuildConfiguration;
			baseConfigurationReference = 789E538E03A7277AF28449D9 /* Pods-Moves.release.xcconfig */;
			buildSettings = {
				CLANG_ENABLE_MODULES = YES;
				CODE_SIGN_IDENTITY = "";
				CURRENT_PROJECT_VERSION = 1;
				DEFINES_MODULE = YES;
				DEVELOPMENT_TEAM = DWCYJ9H353;
				DYLIB_COMPATIBILITY_VERSION = 1;
				DYLIB_CURRENT_VERSION = 1;
				DYLIB_INSTALL_NAME_BASE = "@rpath";
				INFOPLIST_FILE = Moves/Info.plist;
				INSTALL_PATH = "$(LOCAL_LIBRARY_DIR)/Frameworks";
				LD_RUNPATH_SEARCH_PATHS = "$(inherited) @executable_path/Frameworks @loader_path/Frameworks";
				PRODUCT_BUNDLE_IDENTIFIER = com.leojkwan.Moves;
				PRODUCT_NAME = "$(TARGET_NAME)";
				SKIP_INSTALL = YES;
				SWIFT_VERSION = 5.0;
				VERSIONING_SYSTEM = "apple-generic";
				VERSION_INFO_PREFIX = "";
			};
			name = Release;
		};
		9435F4791F6117910084D657 /* Debug */ = {
			isa = XCBuildConfiguration;
			buildSettings = {
				ALWAYS_EMBED_SWIFT_STANDARD_LIBRARIES = YES;
				DEVELOPMENT_TEAM = DWCYJ9H353;
				INFOPLIST_FILE = MovesTests/Info.plist;
				LD_RUNPATH_SEARCH_PATHS = "$(inherited) @executable_path/Frameworks @loader_path/Frameworks";
				PRODUCT_BUNDLE_IDENTIFIER = com.leojkwan.MovesTests;
				PRODUCT_NAME = "$(TARGET_NAME)";
				SWIFT_VERSION = 5.0;
				TEST_HOST = "$(BUILT_PRODUCTS_DIR)/VCMoves.app/VCMoves";
			};
			name = Debug;
		};
		9435F47A1F6117910084D657 /* Release */ = {
			isa = XCBuildConfiguration;
			buildSettings = {
				ALWAYS_EMBED_SWIFT_STANDARD_LIBRARIES = YES;
				DEVELOPMENT_TEAM = DWCYJ9H353;
				INFOPLIST_FILE = MovesTests/Info.plist;
				LD_RUNPATH_SEARCH_PATHS = "$(inherited) @executable_path/Frameworks @loader_path/Frameworks";
				PRODUCT_BUNDLE_IDENTIFIER = com.leojkwan.MovesTests;
				PRODUCT_NAME = "$(TARGET_NAME)";
				SWIFT_VERSION = 5.0;
				TEST_HOST = "$(BUILT_PRODUCTS_DIR)/VCMoves.app/VCMoves";
			};
			name = Release;
		};
		94C8786D1FB2E633000EDB88 /* Debug */ = {
			isa = XCBuildConfiguration;
			buildSettings = {
				ASSETCATALOG_COMPILER_APPICON_NAME = AppIcon;
				CLANG_CXX_LANGUAGE_STANDARD = "gnu++14";
				CLANG_WARN_BLOCK_CAPTURE_AUTORELEASING = YES;
				CLANG_WARN_COMMA = YES;
				CLANG_WARN_NON_LITERAL_NULL_CONVERSION = YES;
				CLANG_WARN_OBJC_LITERAL_CONVERSION = YES;
				CLANG_WARN_RANGE_LOOP_ANALYSIS = YES;
				CLANG_WARN_STRICT_PROTOTYPES = YES;
				CLANG_WARN_UNGUARDED_AVAILABILITY = YES_AGGRESSIVE;
				CODE_SIGN_IDENTITY = "iPhone Developer";
				CODE_SIGN_STYLE = Automatic;
				DEVELOPMENT_TEAM = DWCYJ9H353;
				GCC_C_LANGUAGE_STANDARD = gnu11;
				INFOPLIST_FILE = "Moves-Tutorial/Info.plist";
				IPHONEOS_DEPLOYMENT_TARGET = 11.1;
				LD_RUNPATH_SEARCH_PATHS = "$(inherited) @executable_path/Frameworks";
				PRODUCT_BUNDLE_IDENTIFIER = "com.leojkwan.Moves-Tutorial";
				PRODUCT_NAME = "$(TARGET_NAME)";
				SWIFT_VERSION = 5.0;
				TARGETED_DEVICE_FAMILY = "1,2";
			};
			name = Debug;
		};
		94C8786E1FB2E633000EDB88 /* Release */ = {
			isa = XCBuildConfiguration;
			buildSettings = {
				ASSETCATALOG_COMPILER_APPICON_NAME = AppIcon;
				CLANG_CXX_LANGUAGE_STANDARD = "gnu++14";
				CLANG_WARN_BLOCK_CAPTURE_AUTORELEASING = YES;
				CLANG_WARN_COMMA = YES;
				CLANG_WARN_NON_LITERAL_NULL_CONVERSION = YES;
				CLANG_WARN_OBJC_LITERAL_CONVERSION = YES;
				CLANG_WARN_RANGE_LOOP_ANALYSIS = YES;
				CLANG_WARN_STRICT_PROTOTYPES = YES;
				CLANG_WARN_UNGUARDED_AVAILABILITY = YES_AGGRESSIVE;
				CODE_SIGN_IDENTITY = "iPhone Developer";
				CODE_SIGN_STYLE = Automatic;
				DEVELOPMENT_TEAM = DWCYJ9H353;
				GCC_C_LANGUAGE_STANDARD = gnu11;
				INFOPLIST_FILE = "Moves-Tutorial/Info.plist";
				IPHONEOS_DEPLOYMENT_TARGET = 11.1;
				LD_RUNPATH_SEARCH_PATHS = "$(inherited) @executable_path/Frameworks";
				PRODUCT_BUNDLE_IDENTIFIER = "com.leojkwan.Moves-Tutorial";
				PRODUCT_NAME = "$(TARGET_NAME)";
				SWIFT_VERSION = 5.0;
				TARGETED_DEVICE_FAMILY = "1,2";
			};
			name = Release;
		};
		94C878701FB2E633000EDB88 /* Debug */ = {
			isa = XCBuildConfiguration;
			buildSettings = {
				ALWAYS_EMBED_SWIFT_STANDARD_LIBRARIES = YES;
				BUNDLE_LOADER = "$(TEST_HOST)";
				CLANG_CXX_LANGUAGE_STANDARD = "gnu++14";
				CLANG_WARN_BLOCK_CAPTURE_AUTORELEASING = YES;
				CLANG_WARN_COMMA = YES;
				CLANG_WARN_NON_LITERAL_NULL_CONVERSION = YES;
				CLANG_WARN_OBJC_LITERAL_CONVERSION = YES;
				CLANG_WARN_RANGE_LOOP_ANALYSIS = YES;
				CLANG_WARN_STRICT_PROTOTYPES = YES;
				CLANG_WARN_UNGUARDED_AVAILABILITY = YES_AGGRESSIVE;
				CODE_SIGN_IDENTITY = "iPhone Developer";
				CODE_SIGN_STYLE = Automatic;
				DEVELOPMENT_TEAM = DWCYJ9H353;
				GCC_C_LANGUAGE_STANDARD = gnu11;
				INFOPLIST_FILE = "Moves-TutorialTests/Info.plist";
				IPHONEOS_DEPLOYMENT_TARGET = 11.1;
				LD_RUNPATH_SEARCH_PATHS = "$(inherited) @executable_path/Frameworks @loader_path/Frameworks";
				PRODUCT_BUNDLE_IDENTIFIER = "com.leojkwan.Moves-TutorialTests";
				PRODUCT_NAME = "$(TARGET_NAME)";
				SWIFT_VERSION = 5.0;
				TARGETED_DEVICE_FAMILY = "1,2";
				TEST_HOST = "$(BUILT_PRODUCTS_DIR)/Moves-Tutorial.app/Moves-Tutorial";
			};
			name = Debug;
		};
		94C878711FB2E633000EDB88 /* Release */ = {
			isa = XCBuildConfiguration;
			buildSettings = {
				ALWAYS_EMBED_SWIFT_STANDARD_LIBRARIES = YES;
				BUNDLE_LOADER = "$(TEST_HOST)";
				CLANG_CXX_LANGUAGE_STANDARD = "gnu++14";
				CLANG_WARN_BLOCK_CAPTURE_AUTORELEASING = YES;
				CLANG_WARN_COMMA = YES;
				CLANG_WARN_NON_LITERAL_NULL_CONVERSION = YES;
				CLANG_WARN_OBJC_LITERAL_CONVERSION = YES;
				CLANG_WARN_RANGE_LOOP_ANALYSIS = YES;
				CLANG_WARN_STRICT_PROTOTYPES = YES;
				CLANG_WARN_UNGUARDED_AVAILABILITY = YES_AGGRESSIVE;
				CODE_SIGN_IDENTITY = "iPhone Developer";
				CODE_SIGN_STYLE = Automatic;
				DEVELOPMENT_TEAM = DWCYJ9H353;
				GCC_C_LANGUAGE_STANDARD = gnu11;
				INFOPLIST_FILE = "Moves-TutorialTests/Info.plist";
				IPHONEOS_DEPLOYMENT_TARGET = 11.1;
				LD_RUNPATH_SEARCH_PATHS = "$(inherited) @executable_path/Frameworks @loader_path/Frameworks";
				PRODUCT_BUNDLE_IDENTIFIER = "com.leojkwan.Moves-TutorialTests";
				PRODUCT_NAME = "$(TARGET_NAME)";
				SWIFT_VERSION = 5.0;
				TARGETED_DEVICE_FAMILY = "1,2";
				TEST_HOST = "$(BUILT_PRODUCTS_DIR)/Moves-Tutorial.app/Moves-Tutorial";
			};
			name = Release;
		};
		94C878731FB2E633000EDB88 /* Debug */ = {
			isa = XCBuildConfiguration;
			buildSettings = {
				ALWAYS_EMBED_SWIFT_STANDARD_LIBRARIES = YES;
				CLANG_CXX_LANGUAGE_STANDARD = "gnu++14";
				CLANG_WARN_BLOCK_CAPTURE_AUTORELEASING = YES;
				CLANG_WARN_COMMA = YES;
				CLANG_WARN_NON_LITERAL_NULL_CONVERSION = YES;
				CLANG_WARN_OBJC_LITERAL_CONVERSION = YES;
				CLANG_WARN_RANGE_LOOP_ANALYSIS = YES;
				CLANG_WARN_STRICT_PROTOTYPES = YES;
				CLANG_WARN_UNGUARDED_AVAILABILITY = YES_AGGRESSIVE;
				CODE_SIGN_IDENTITY = "iPhone Developer";
				CODE_SIGN_STYLE = Automatic;
				DEVELOPMENT_TEAM = DWCYJ9H353;
				GCC_C_LANGUAGE_STANDARD = gnu11;
				INFOPLIST_FILE = "Moves-TutorialUITests/Info.plist";
				IPHONEOS_DEPLOYMENT_TARGET = 11.1;
				LD_RUNPATH_SEARCH_PATHS = "$(inherited) @executable_path/Frameworks @loader_path/Frameworks";
				PRODUCT_BUNDLE_IDENTIFIER = "com.leojkwan.Moves-TutorialUITests";
				PRODUCT_NAME = "$(TARGET_NAME)";
				SWIFT_VERSION = 5.0;
				TARGETED_DEVICE_FAMILY = "1,2";
				TEST_TARGET_NAME = "Moves-Tutorial";
			};
			name = Debug;
		};
		94C878741FB2E633000EDB88 /* Release */ = {
			isa = XCBuildConfiguration;
			buildSettings = {
				ALWAYS_EMBED_SWIFT_STANDARD_LIBRARIES = YES;
				CLANG_CXX_LANGUAGE_STANDARD = "gnu++14";
				CLANG_WARN_BLOCK_CAPTURE_AUTORELEASING = YES;
				CLANG_WARN_COMMA = YES;
				CLANG_WARN_NON_LITERAL_NULL_CONVERSION = YES;
				CLANG_WARN_OBJC_LITERAL_CONVERSION = YES;
				CLANG_WARN_RANGE_LOOP_ANALYSIS = YES;
				CLANG_WARN_STRICT_PROTOTYPES = YES;
				CLANG_WARN_UNGUARDED_AVAILABILITY = YES_AGGRESSIVE;
				CODE_SIGN_IDENTITY = "iPhone Developer";
				CODE_SIGN_STYLE = Automatic;
				DEVELOPMENT_TEAM = DWCYJ9H353;
				GCC_C_LANGUAGE_STANDARD = gnu11;
				INFOPLIST_FILE = "Moves-TutorialUITests/Info.plist";
				IPHONEOS_DEPLOYMENT_TARGET = 11.1;
				LD_RUNPATH_SEARCH_PATHS = "$(inherited) @executable_path/Frameworks @loader_path/Frameworks";
				PRODUCT_BUNDLE_IDENTIFIER = "com.leojkwan.Moves-TutorialUITests";
				PRODUCT_NAME = "$(TARGET_NAME)";
				SWIFT_VERSION = 5.0;
				TARGETED_DEVICE_FAMILY = "1,2";
				TEST_TARGET_NAME = "Moves-Tutorial";
			};
			name = Release;
		};
/* End XCBuildConfiguration section */

/* Begin XCConfigurationList section */
		9435F4221F61177A0084D657 /* Build configuration list for PBXProject "VCMoves" */ = {
			isa = XCConfigurationList;
			buildConfigurations = (
				9435F44D1F61177A0084D657 /* Debug */,
				9435F44E1F61177A0084D657 /* Release */,
			);
			defaultConfigurationIsVisible = 0;
			defaultConfigurationName = Release;
		};
		9435F44F1F61177A0084D657 /* Build configuration list for PBXNativeTarget "VCMoves" */ = {
			isa = XCConfigurationList;
			buildConfigurations = (
				9435F4501F61177A0084D657 /* Debug */,
				9435F4511F61177A0084D657 /* Release */,
			);
			defaultConfigurationIsVisible = 0;
			defaultConfigurationName = Release;
		};
		9435F4521F61177A0084D657 /* Build configuration list for PBXNativeTarget "VCMovesTests" */ = {
			isa = XCConfigurationList;
			buildConfigurations = (
				9435F4531F61177A0084D657 /* Debug */,
				9435F4541F61177A0084D657 /* Release */,
			);
			defaultConfigurationIsVisible = 0;
			defaultConfigurationName = Release;
		};
		9435F4551F61177A0084D657 /* Build configuration list for PBXNativeTarget "VCMovesUITests" */ = {
			isa = XCConfigurationList;
			buildConfigurations = (
				9435F4561F61177A0084D657 /* Debug */,
				9435F4571F61177A0084D657 /* Release */,
			);
			defaultConfigurationIsVisible = 0;
			defaultConfigurationName = Release;
		};
		9435F4741F6117910084D657 /* Build configuration list for PBXNativeTarget "Moves" */ = {
			isa = XCConfigurationList;
			buildConfigurations = (
				9435F4751F6117910084D657 /* Debug */,
				9435F4761F6117910084D657 /* Release */,
			);
			defaultConfigurationIsVisible = 0;
			defaultConfigurationName = Release;
		};
		9435F4781F6117910084D657 /* Build configuration list for PBXNativeTarget "MovesTests" */ = {
			isa = XCConfigurationList;
			buildConfigurations = (
				9435F4791F6117910084D657 /* Debug */,
				9435F47A1F6117910084D657 /* Release */,
			);
			defaultConfigurationIsVisible = 0;
			defaultConfigurationName = Release;
		};
		94C8786C1FB2E633000EDB88 /* Build configuration list for PBXNativeTarget "Moves-Tutorial" */ = {
			isa = XCConfigurationList;
			buildConfigurations = (
				94C8786D1FB2E633000EDB88 /* Debug */,
				94C8786E1FB2E633000EDB88 /* Release */,
			);
			defaultConfigurationIsVisible = 0;
			defaultConfigurationName = Release;
		};
		94C8786F1FB2E633000EDB88 /* Build configuration list for PBXNativeTarget "Moves-TutorialTests" */ = {
			isa = XCConfigurationList;
			buildConfigurations = (
				94C878701FB2E633000EDB88 /* Debug */,
				94C878711FB2E633000EDB88 /* Release */,
			);
			defaultConfigurationIsVisible = 0;
			defaultConfigurationName = Release;
		};
		94C878721FB2E633000EDB88 /* Build configuration list for PBXNativeTarget "Moves-TutorialUITests" */ = {
			isa = XCConfigurationList;
			buildConfigurations = (
				94C878731FB2E633000EDB88 /* Debug */,
				94C878741FB2E633000EDB88 /* Release */,
			);
			defaultConfigurationIsVisible = 0;
			defaultConfigurationName = Release;
		};
/* End XCConfigurationList section */
	};
	rootObject = 9435F41F1F61177A0084D657 /* Project object */;
}
